
Microsoft Visual Studio Solution File, Format Version 12.00
# Visual Studio Version 17
VisualStudioVersion = 17.14.36518.9 d17.14
MinimumVisualStudioVersion = 10.0.40219.1
Project("{FAE04EC0-301F-11D3-BF4B-00C04F79EFBC}") = "Example18", "Example18\Example18.csproj", "{13AE4AE2-4860-4B6C-B695-8E0445A6C5AF}"
EndProject
Global
	GlobalSection(SolutionConfigurationPlatforms) = preSolution
		Debug|Any CPU = Debug|Any CPU
		Release|Any CPU = Release|Any CPU
	EndGlobalSection
	GlobalSection(ProjectConfigurationPlatforms) = postSolution
		{13AE4AE2-4860-4B6C-B695-8E0445A6C5AF}.Debug|Any CPU.ActiveCfg = Debug|Any CPU
		{13AE4AE2-4860-4B6C-B695-8E0445A6C5AF}.Debug|Any CPU.Build.0 = Debug|Any CPU
		{13AE4AE2-4860-4B6C-B695-8E0445A6C5AF}.Release|Any CPU.ActiveCfg = Release|Any CPU
		{13AE4AE2-4860-4B6C-B695-8E0445A6C5AF}.Release|Any CPU.Build.0 = Release|Any CPU
	EndGlobalSection
	GlobalSection(SolutionProperties) = preSolution
		HideSolutionNode = FALSE
	EndGlobalSection
	GlobalSection(ExtensibilityGlobals) = postSolution
		SolutionGuid = {4F81FF44-CD90-4C8A-A5A7-05CB7C20E308}
	EndGlobalSection
EndGlobal
