
Microsoft Visual Studio Solution File, Format Version 12.00
# Visual Studio Version 17
VisualStudioVersion = 17.14.36518.9 d17.14
MinimumVisualStudioVersion = 10.0.40219.1
Project("{FAE04EC0-301F-11D3-BF4B-00C04F79EFBC}") = "Example13", "Example13\Example13.csproj", "{AFAB0A23-CE90-4CE5-93B4-CBA50B646178}"
EndProject
Global
	GlobalSection(SolutionConfigurationPlatforms) = preSolution
		Debug|Any CPU = Debug|Any CPU
		Release|Any CPU = Release|Any CPU
	EndGlobalSection
	GlobalSection(ProjectConfigurationPlatforms) = postSolution
		{AFAB0A23-CE90-4CE5-93B4-CBA50B646178}.Debug|Any CPU.ActiveCfg = Debug|Any CPU
		{AFAB0A23-CE90-4CE5-93B4-CBA50B646178}.Debug|Any CPU.Build.0 = Debug|Any CPU
		{AFAB0A23-CE90-4CE5-93B4-CBA50B646178}.Release|Any CPU.ActiveCfg = Release|Any CPU
		{AFAB0A23-CE90-4CE5-93B4-CBA50B646178}.Release|Any CPU.Build.0 = Release|Any CPU
	EndGlobalSection
	GlobalSection(SolutionProperties) = preSolution
		HideSolutionNode = FALSE
	EndGlobalSection
	GlobalSection(ExtensibilityGlobals) = postSolution
		SolutionGuid = {102854AB-AD55-476E-B9EC-9803A59D5D97}
	EndGlobalSection
EndGlobal
