
Microsoft Visual Studio Solution File, Format Version 12.00
# Visual Studio Version 17
VisualStudioVersion = 17.14.36518.9 d17.14
MinimumVisualStudioVersion = 10.0.40219.1
Project("{FAE04EC0-301F-11D3-BF4B-00C04F79EFBC}") = "Prueba", "Prueba\Prueba.csproj", "{CE153FB7-124C-4C83-8531-9A333406BBF5}"
EndProject
Global
	GlobalSection(SolutionConfigurationPlatforms) = preSolution
		Debug|Any CPU = Debug|Any CPU
		Release|Any CPU = Release|Any CPU
	EndGlobalSection
	GlobalSection(ProjectConfigurationPlatforms) = postSolution
		{CE153FB7-124C-4C83-8531-9A333406BBF5}.Debug|Any CPU.ActiveCfg = Debug|Any CPU
		{CE153FB7-124C-4C83-8531-9A333406BBF5}.Debug|Any CPU.Build.0 = Debug|Any CPU
		{CE153FB7-124C-4C83-8531-9A333406BBF5}.Release|Any CPU.ActiveCfg = Release|Any CPU
		{CE153FB7-124C-4C83-8531-9A333406BBF5}.Release|Any CPU.Build.0 = Release|Any CPU
	EndGlobalSection
	GlobalSection(SolutionProperties) = preSolution
		HideSolutionNode = FALSE
	EndGlobalSection
	GlobalSection(ExtensibilityGlobals) = postSolution
		SolutionGuid = {918BE2D2-3617-4A7D-BAF6-C97372519485}
	EndGlobalSection
EndGlobal
