
Microsoft Visual Studio Solution File, Format Version 12.00
# Visual Studio Version 17
VisualStudioVersion = 17.14.36518.9 d17.14
MinimumVisualStudioVersion = 10.0.40219.1
Project("{FAE04EC0-301F-11D3-BF4B-00C04F79EFBC}") = "Example12", "Example12\Example12.csproj", "{5BFD7CA3-002D-4891-B0C4-49FCB734BAA9}"
EndProject
Global
	GlobalSection(SolutionConfigurationPlatforms) = preSolution
		Debug|Any CPU = Debug|Any CPU
		Release|Any CPU = Release|Any CPU
	EndGlobalSection
	GlobalSection(ProjectConfigurationPlatforms) = postSolution
		{5BFD7CA3-002D-4891-B0C4-49FCB734BAA9}.Debug|Any CPU.ActiveCfg = Debug|Any CPU
		{5BFD7CA3-002D-4891-B0C4-49FCB734BAA9}.Debug|Any CPU.Build.0 = Debug|Any CPU
		{5BFD7CA3-002D-4891-B0C4-49FCB734BAA9}.Release|Any CPU.ActiveCfg = Release|Any CPU
		{5BFD7CA3-002D-4891-B0C4-49FCB734BAA9}.Release|Any CPU.Build.0 = Release|Any CPU
	EndGlobalSection
	GlobalSection(SolutionProperties) = preSolution
		HideSolutionNode = FALSE
	EndGlobalSection
	GlobalSection(ExtensibilityGlobals) = postSolution
		SolutionGuid = {BE92E7D7-52F4-4BCD-B3C8-691189F99C06}
	EndGlobalSection
EndGlobal
